
Microsoft Visual Studio Solution File, Format Version 12.00
# Visual Studio Version 17
VisualStudioVersion = 17.9.34616.47
MinimumVisualStudioVersion = 10.0.40219.1
Project("{9A19103F-16F7-4668-BE54-9A1E7A4F7556}") = "DevFreela.Core", "DevFreela.Core\DevFreela.Core.csproj", "{C5587569-D5CC-47E6-986C-11DED88DA3E1}"
EndProject
Project("{9A19103F-16F7-4668-BE54-9A1E7A4F7556}") = "DevFreela.API", "DevFreela.API\DevFreela.API.csproj", "{F74C493C-2129-4D4E-9BA8-A5CD0939F717}"
EndProject
Project("{FAE04EC0-301F-11D3-BF4B-00C04F79EFBC}") = "DevFreela.Infrastructure", "DevFreela.Infrastructure\DevFreela.Infrastructure.csproj", "{86A2E535-83A0-41E2-B020-553F1F73C454}"
EndProject
Project("{FAE04EC0-301F-11D3-BF4B-00C04F79EFBC}") = "DevFreela.Application", "DevFreela.Application\DevFreela.Application.csproj", "{5768D13A-9949-4D5B-A7FC-D12D86AA1660}"
EndProject
Global
	GlobalSection(SolutionConfigurationPlatforms) = preSolution
		Debug|Any CPU = Debug|Any CPU
		Release|Any CPU = Release|Any CPU
	EndGlobalSection
	GlobalSection(ProjectConfigurationPlatforms) = postSolution
		{C5587569-D5CC-47E6-986C-11DED88DA3E1}.Debug|Any CPU.ActiveCfg = Debug|Any CPU
		{C5587569-D5CC-47E6-986C-11DED88DA3E1}.Debug|Any CPU.Build.0 = Debug|Any CPU
		{C5587569-D5CC-47E6-986C-11DED88DA3E1}.Release|Any CPU.ActiveCfg = Release|Any CPU
		{C5587569-D5CC-47E6-986C-11DED88DA3E1}.Release|Any CPU.Build.0 = Release|Any CPU
		{F74C493C-2129-4D4E-9BA8-A5CD0939F717}.Debug|Any CPU.ActiveCfg = Debug|Any CPU
		{F74C493C-2129-4D4E-9BA8-A5CD0939F717}.Debug|Any CPU.Build.0 = Debug|Any CPU
		{F74C493C-2129-4D4E-9BA8-A5CD0939F717}.Release|Any CPU.ActiveCfg = Release|Any CPU
		{F74C493C-2129-4D4E-9BA8-A5CD0939F717}.Release|Any CPU.Build.0 = Release|Any CPU
		{86A2E535-83A0-41E2-B020-553F1F73C454}.Debug|Any CPU.ActiveCfg = Debug|Any CPU
		{86A2E535-83A0-41E2-B020-553F1F73C454}.Debug|Any CPU.Build.0 = Debug|Any CPU
		{86A2E535-83A0-41E2-B020-553F1F73C454}.Release|Any CPU.ActiveCfg = Release|Any CPU
		{86A2E535-83A0-41E2-B020-553F1F73C454}.Release|Any CPU.Build.0 = Release|Any CPU
		{5768D13A-9949-4D5B-A7FC-D12D86AA1660}.Debug|Any CPU.ActiveCfg = Debug|Any CPU
		{5768D13A-9949-4D5B-A7FC-D12D86AA1660}.Debug|Any CPU.Build.0 = Debug|Any CPU
		{5768D13A-9949-4D5B-A7FC-D12D86AA1660}.Release|Any CPU.ActiveCfg = Release|Any CPU
		{5768D13A-9949-4D5B-A7FC-D12D86AA1660}.Release|Any CPU.Build.0 = Release|Any CPU
	EndGlobalSection
	GlobalSection(SolutionProperties) = preSolution
		HideSolutionNode = FALSE
	EndGlobalSection
	GlobalSection(ExtensibilityGlobals) = postSolution
		SolutionGuid = {536BB7ED-FB67-4EE7-95B5-CFD47DC9CD87}
	EndGlobalSection
EndGlobal
